
Microsoft Visual Studio Solution File, Format Version 12.00
# Visual Studio Version 16
VisualStudioVersion = 16.0.29911.84
MinimumVisualStudioVersion = 10.0.40219.1
Project("{8BC9CEB8-8B4A-11D0-8D11-00A0C91BC942}") = "Assembler", "Assembler\Assembler.vcxproj", "{AFE86732-7B2A-4631-BE31-7A5FE9764CA3}"
EndProject
Global
	GlobalSection(SolutionConfigurationPlatforms) = preSolution
		Debug|x64 = Debug|x64
		Debug|x86 = Debug|x86
		Release|x64 = Release|x64
		Release|x86 = Release|x86
	EndGlobalSection
	GlobalSection(ProjectConfigurationPlatforms) = postSolution
		{AFE86732-7B2A-4631-BE31-7A5FE9764CA3}.Debug|x64.ActiveCfg = Debug|x64
		{AFE86732-7B2A-4631-BE31-7A5FE9764CA3}.Debug|x64.Build.0 = Debug|x64
		{AFE86732-7B2A-4631-BE31-7A5FE9764CA3}.Debug|x86.ActiveCfg = Debug|Win32
		{AFE86732-7B2A-4631-BE31-7A5FE9764CA3}.Debug|x86.Build.0 = Debug|Win32
		{AFE86732-7B2A-4631-BE31-7A5FE9764CA3}.Release|x64.ActiveCfg = Release|x64
		{AFE86732-7B2A-4631-BE31-7A5FE9764CA3}.Release|x64.Build.0 = Release|x64
		{AFE86732-7B2A-4631-BE31-7A5FE9764CA3}.Release|x86.ActiveCfg = Release|Win32
		{AFE86732-7B2A-4631-BE31-7A5FE9764CA3}.Release|x86.Build.0 = Release|Win32
	EndGlobalSection
	GlobalSection(SolutionProperties) = preSolution
		HideSolutionNode = FALSE
	EndGlobalSection
	GlobalSection(ExtensibilityGlobals) = postSolution
		SolutionGuid = {D2EF131B-082C-41B2-9E79-ED238B888E2D}
	EndGlobalSection
EndGlobal
